
Microsoft Visual Studio Solution File, Format Version 12.00
# Visual Studio 15
VisualStudioVersion = 15.0.26730.16
MinimumVisualStudioVersion = 10.0.40219.1
Project("{8BC9CEB8-8B4A-11D0-8D11-00A0C91BC942}") = "HW", "HW\HW.vcxproj", "{79A875AF-BA4D-40F9-AE93-FE831E9DD7B9}"
EndProject
Global
	GlobalSection(SolutionConfigurationPlatforms) = preSolution
		Debug|x64 = Debug|x64
		Debug|x86 = Debug|x86
		Release|x64 = Release|x64
		Release|x86 = Release|x86
	EndGlobalSection
	GlobalSection(ProjectConfigurationPlatforms) = postSolution
		{79A875AF-BA4D-40F9-AE93-FE831E9DD7B9}.Debug|x64.ActiveCfg = Debug|x64
		{79A875AF-BA4D-40F9-AE93-FE831E9DD7B9}.Debug|x64.Build.0 = Debug|x64
		{79A875AF-BA4D-40F9-AE93-FE831E9DD7B9}.Debug|x86.ActiveCfg = Debug|Win32
		{79A875AF-BA4D-40F9-AE93-FE831E9DD7B9}.Debug|x86.Build.0 = Debug|Win32
		{79A875AF-BA4D-40F9-AE93-FE831E9DD7B9}.Release|x64.ActiveCfg = Release|x64
		{79A875AF-BA4D-40F9-AE93-FE831E9DD7B9}.Release|x64.Build.0 = Release|x64
		{79A875AF-BA4D-40F9-AE93-FE831E9DD7B9}.Release|x86.ActiveCfg = Release|Win32
		{79A875AF-BA4D-40F9-AE93-FE831E9DD7B9}.Release|x86.Build.0 = Release|Win32
	EndGlobalSection
	GlobalSection(SolutionProperties) = preSolution
		HideSolutionNode = FALSE
	EndGlobalSection
	GlobalSection(ExtensibilityGlobals) = postSolution
		SolutionGuid = {40FD8E5D-11FA-4049-8B43-CB7BA3FD5F9E}
	EndGlobalSection
EndGlobal
